
Microsoft Visual Studio Solution File, Format Version 12.00
# Visual Studio Version 18
VisualStudioVersion = 18.0.11222.15 d18.0
MinimumVisualStudioVersion = 10.0.40219.1
Project("{9A19103F-16F7-4668-BE54-9A1E7A4F7556}") = "OnlineAPI", "OnlineAPI\OnlineAPI.csproj", "{EA47647F-C943-4D15-BF84-21D1C2D5EE15}"
EndProject
Global
	GlobalSection(SolutionConfigurationPlatforms) = preSolution
		Debug|Any CPU = Debug|Any CPU
		Release|Any CPU = Release|Any CPU
	EndGlobalSection
	GlobalSection(ProjectConfigurationPlatforms) = postSolution
		{EA47647F-C943-4D15-BF84-21D1C2D5EE15}.Debug|Any CPU.ActiveCfg = Debug|Any CPU
		{EA47647F-C943-4D15-BF84-21D1C2D5EE15}.Debug|Any CPU.Build.0 = Debug|Any CPU
		{EA47647F-C943-4D15-BF84-21D1C2D5EE15}.Release|Any CPU.ActiveCfg = Release|Any CPU
		{EA47647F-C943-4D15-BF84-21D1C2D5EE15}.Release|Any CPU.Build.0 = Release|Any CPU
	EndGlobalSection
	GlobalSection(SolutionProperties) = preSolution
		HideSolutionNode = FALSE
	EndGlobalSection
	GlobalSection(ExtensibilityGlobals) = postSolution
		SolutionGuid = {591AC3BF-BE18-4F6C-B52C-7DB73BBCB96B}
	EndGlobalSection
EndGlobal
